
Microsoft Visual Studio Solution File, Format Version 12.00
# Visual Studio Version 17
VisualStudioVersion = 17.14.36310.24 d17.14
MinimumVisualStudioVersion = 10.0.40219.1
Project("{FAE04EC0-301F-11D3-BF4B-00C04F79EFBC}") = "Vdamewood.Siliko", "Vdamewood.Siliko\Vdamewood.Siliko.csproj", "{F159F7A2-BE23-4DEA-9426-B94E4D363C2D}"
EndProject
Project("{FAE04EC0-301F-11D3-BF4B-00C04F79EFBC}") = "SilikoNet", "SilikoNet\SilikoNet.csproj", "{FF977E3F-F385-4106-B304-BEBD7CDD0F18}"
EndProject
Global
	GlobalSection(SolutionConfigurationPlatforms) = preSolution
		Debug|Any CPU = Debug|Any CPU
		Release|Any CPU = Release|Any CPU
	EndGlobalSection
	GlobalSection(ProjectConfigurationPlatforms) = postSolution
		{F159F7A2-BE23-4DEA-9426-B94E4D363C2D}.Debug|Any CPU.ActiveCfg = Debug|Any CPU
		{F159F7A2-BE23-4DEA-9426-B94E4D363C2D}.Debug|Any CPU.Build.0 = Debug|Any CPU
		{F159F7A2-BE23-4DEA-9426-B94E4D363C2D}.Release|Any CPU.ActiveCfg = Release|Any CPU
		{F159F7A2-BE23-4DEA-9426-B94E4D363C2D}.Release|Any CPU.Build.0 = Release|Any CPU
		{FF977E3F-F385-4106-B304-BEBD7CDD0F18}.Debug|Any CPU.ActiveCfg = Debug|Any CPU
		{FF977E3F-F385-4106-B304-BEBD7CDD0F18}.Debug|Any CPU.Build.0 = Debug|Any CPU
		{FF977E3F-F385-4106-B304-BEBD7CDD0F18}.Release|Any CPU.ActiveCfg = Release|Any CPU
		{FF977E3F-F385-4106-B304-BEBD7CDD0F18}.Release|Any CPU.Build.0 = Release|Any CPU
	EndGlobalSection
	GlobalSection(SolutionProperties) = preSolution
		HideSolutionNode = FALSE
	EndGlobalSection
	GlobalSection(ExtensibilityGlobals) = postSolution
		SolutionGuid = {13432BD9-D7E7-44CF-941C-9B8A5A80E195}
	EndGlobalSection
EndGlobal
